
Microsoft Visual Studio Solution File, Format Version 12.00
# Visual Studio Version 16
VisualStudioVersion = 16.0.31729.503
MinimumVisualStudioVersion = 10.0.40219.1
Project("{FAE04EC0-301F-11D3-BF4B-00C04F79EFBC}") = "My_Project_v1", "My_Project_v1\My_Project_v1.csproj", "{EE8E5769-C94A-4549-A422-6A71148CB488}"
EndProject
Global
	GlobalSection(SolutionConfigurationPlatforms) = preSolution
		Debug|Any CPU = Debug|Any CPU
		Release|Any CPU = Release|Any CPU
	EndGlobalSection
	GlobalSection(ProjectConfigurationPlatforms) = postSolution
		{EE8E5769-C94A-4549-A422-6A71148CB488}.Debug|Any CPU.ActiveCfg = Debug|Any CPU
		{EE8E5769-C94A-4549-A422-6A71148CB488}.Debug|Any CPU.Build.0 = Debug|Any CPU
		{EE8E5769-C94A-4549-A422-6A71148CB488}.Release|Any CPU.ActiveCfg = Release|Any CPU
		{EE8E5769-C94A-4549-A422-6A71148CB488}.Release|Any CPU.Build.0 = Release|Any CPU
	EndGlobalSection
	GlobalSection(SolutionProperties) = preSolution
		HideSolutionNode = FALSE
	EndGlobalSection
	GlobalSection(ExtensibilityGlobals) = postSolution
		SolutionGuid = {AE23A78F-0294-477B-8BFD-5DE7CA65D23B}
	EndGlobalSection
EndGlobal
